
Microsoft Visual Studio Solution File, Format Version 12.00
# Visual Studio 15
VisualStudioVersion = 15.0.27130.2036
MinimumVisualStudioVersion = 10.0.40219.1
Project("{FAE04EC0-301F-11D3-BF4B-00C04F79EFBC}") = "inverseMatrix", "inverseMatrix\inverseMatrix.csproj", "{06F169F6-EDB0-438E-B557-F56552086ED4}"
EndProject
Global
	GlobalSection(SolutionConfigurationPlatforms) = preSolution
		Debug|Any CPU = Debug|Any CPU
		Release|Any CPU = Release|Any CPU
	EndGlobalSection
	GlobalSection(ProjectConfigurationPlatforms) = postSolution
		{06F169F6-EDB0-438E-B557-F56552086ED4}.Debug|Any CPU.ActiveCfg = Debug|Any CPU
		{06F169F6-EDB0-438E-B557-F56552086ED4}.Debug|Any CPU.Build.0 = Debug|Any CPU
		{06F169F6-EDB0-438E-B557-F56552086ED4}.Release|Any CPU.ActiveCfg = Release|Any CPU
		{06F169F6-EDB0-438E-B557-F56552086ED4}.Release|Any CPU.Build.0 = Release|Any CPU
	EndGlobalSection
	GlobalSection(SolutionProperties) = preSolution
		HideSolutionNode = FALSE
	EndGlobalSection
	GlobalSection(ExtensibilityGlobals) = postSolution
		SolutionGuid = {1A014CFE-1FEE-4594-8BFF-8444C77F9788}
	EndGlobalSection
EndGlobal
